
Microsoft Visual Studio Solution File, Format Version 12.00
# Visual Studio Version 17
VisualStudioVersion = 17.7.34221.43
MinimumVisualStudioVersion = 10.0.40219.1
Project("{9A19103F-16F7-4668-BE54-9A1E7A4F7556}") = "DTO", "DTO\DTO.csproj", "{C7C6A70B-B558-4313-95ED-405BB03B3073}"
EndProject
Project("{9A19103F-16F7-4668-BE54-9A1E7A4F7556}") = "DAO", "DAO\DAO.csproj", "{08923671-6333-473D-B76E-221E7B54E659}"
EndProject
Project("{9A19103F-16F7-4668-BE54-9A1E7A4F7556}") = "BUS", "BUS\BUS.csproj", "{CD5FE2EA-0F09-4854-914D-5F1A130E7653}"
EndProject
Project("{9A19103F-16F7-4668-BE54-9A1E7A4F7556}") = "ConsoleTesting", "ConsoleTesting\ConsoleTesting.csproj", "{B09B33E9-80F6-41D8-BDC8-04BAD65974B1}"
EndProject
Project("{9A19103F-16F7-4668-BE54-9A1E7A4F7556}") = "OtherFunctions", "OtherFunctions\OtherFunctions.csproj", "{DEA2EA69-284D-4F7B-A026-FFBC467F22D4}"
EndProject
Project("{9A19103F-16F7-4668-BE54-9A1E7A4F7556}") = "GUI", "GUI\GUI.csproj", "{D3068716-DABA-4FAD-981A-108D5162EF6A}"
EndProject
Global
	GlobalSection(SolutionConfigurationPlatforms) = preSolution
		Debug|Any CPU = Debug|Any CPU
		Release|Any CPU = Release|Any CPU
	EndGlobalSection
	GlobalSection(ProjectConfigurationPlatforms) = postSolution
		{C7C6A70B-B558-4313-95ED-405BB03B3073}.Debug|Any CPU.ActiveCfg = Debug|Any CPU
		{C7C6A70B-B558-4313-95ED-405BB03B3073}.Debug|Any CPU.Build.0 = Debug|Any CPU
		{C7C6A70B-B558-4313-95ED-405BB03B3073}.Release|Any CPU.ActiveCfg = Release|Any CPU
		{C7C6A70B-B558-4313-95ED-405BB03B3073}.Release|Any CPU.Build.0 = Release|Any CPU
		{08923671-6333-473D-B76E-221E7B54E659}.Debug|Any CPU.ActiveCfg = Debug|Any CPU
		{08923671-6333-473D-B76E-221E7B54E659}.Debug|Any CPU.Build.0 = Debug|Any CPU
		{08923671-6333-473D-B76E-221E7B54E659}.Release|Any CPU.ActiveCfg = Release|Any CPU
		{08923671-6333-473D-B76E-221E7B54E659}.Release|Any CPU.Build.0 = Release|Any CPU
		{CD5FE2EA-0F09-4854-914D-5F1A130E7653}.Debug|Any CPU.ActiveCfg = Debug|Any CPU
		{CD5FE2EA-0F09-4854-914D-5F1A130E7653}.Debug|Any CPU.Build.0 = Debug|Any CPU
		{CD5FE2EA-0F09-4854-914D-5F1A130E7653}.Release|Any CPU.ActiveCfg = Release|Any CPU
		{CD5FE2EA-0F09-4854-914D-5F1A130E7653}.Release|Any CPU.Build.0 = Release|Any CPU
		{B09B33E9-80F6-41D8-BDC8-04BAD65974B1}.Debug|Any CPU.ActiveCfg = Debug|Any CPU
		{B09B33E9-80F6-41D8-BDC8-04BAD65974B1}.Debug|Any CPU.Build.0 = Debug|Any CPU
		{B09B33E9-80F6-41D8-BDC8-04BAD65974B1}.Release|Any CPU.ActiveCfg = Release|Any CPU
		{B09B33E9-80F6-41D8-BDC8-04BAD65974B1}.Release|Any CPU.Build.0 = Release|Any CPU
		{DEA2EA69-284D-4F7B-A026-FFBC467F22D4}.Debug|Any CPU.ActiveCfg = Debug|Any CPU
		{DEA2EA69-284D-4F7B-A026-FFBC467F22D4}.Debug|Any CPU.Build.0 = Debug|Any CPU
		{DEA2EA69-284D-4F7B-A026-FFBC467F22D4}.Release|Any CPU.ActiveCfg = Release|Any CPU
		{DEA2EA69-284D-4F7B-A026-FFBC467F22D4}.Release|Any CPU.Build.0 = Release|Any CPU
		{D3068716-DABA-4FAD-981A-108D5162EF6A}.Debug|Any CPU.ActiveCfg = Debug|Any CPU
		{D3068716-DABA-4FAD-981A-108D5162EF6A}.Debug|Any CPU.Build.0 = Debug|Any CPU
		{D3068716-DABA-4FAD-981A-108D5162EF6A}.Release|Any CPU.ActiveCfg = Release|Any CPU
		{D3068716-DABA-4FAD-981A-108D5162EF6A}.Release|Any CPU.Build.0 = Release|Any CPU
	EndGlobalSection
	GlobalSection(SolutionProperties) = preSolution
		HideSolutionNode = FALSE
	EndGlobalSection
	GlobalSection(ExtensibilityGlobals) = postSolution
		SolutionGuid = {E410F28D-82EA-43C8-937D-D469E0D99CF6}
	EndGlobalSection
EndGlobal
